
Microsoft Visual Studio Solution File, Format Version 12.00
Project("{FAE04EC0-301F-11D3-BF4B-00C04F79EFBC}") = "UTerminal", "UTerminal\UTerminal.csproj", "{236EC43B-2100-4778-8C83-57D72F8DAC62}"
EndProject
Project("{FAE04EC0-301F-11D3-BF4B-00C04F79EFBC}") = "UTerminal.Desktop", "UTerminal.Desktop\UTerminal.Desktop.csproj", "{A5BEEEC6-E5EC-445D-BE1A-FC8B90E4C1E8}"
EndProject
Project("{FAE04EC0-301F-11D3-BF4B-00C04F79EFBC}") = "UTerminal.Tests", "UTerminal.Tests\UTerminal.Tests.csproj", "{98262C80-12EE-46D7-AD58-E9F63F2B21F8}"
EndProject
Global
	GlobalSection(SolutionConfigurationPlatforms) = preSolution
		Debug|Any CPU = Debug|Any CPU
		Debug|x64 = Debug|x64
		Debug|x86 = Debug|x86
		Release|Any CPU = Release|Any CPU
		Release|x64 = Release|x64
		Release|x86 = Release|x86
	EndGlobalSection
	GlobalSection(ProjectConfigurationPlatforms) = postSolution
		{236EC43B-2100-4778-8C83-57D72F8DAC62}.Debug|Any CPU.ActiveCfg = Debug|Any CPU
		{236EC43B-2100-4778-8C83-57D72F8DAC62}.Debug|Any CPU.Build.0 = Debug|Any CPU
		{236EC43B-2100-4778-8C83-57D72F8DAC62}.Debug|x64.ActiveCfg = Debug|Any CPU
		{236EC43B-2100-4778-8C83-57D72F8DAC62}.Debug|x64.Build.0 = Debug|Any CPU
		{236EC43B-2100-4778-8C83-57D72F8DAC62}.Debug|x86.ActiveCfg = Debug|Any CPU
		{236EC43B-2100-4778-8C83-57D72F8DAC62}.Debug|x86.Build.0 = Debug|Any CPU
		{236EC43B-2100-4778-8C83-57D72F8DAC62}.Release|Any CPU.ActiveCfg = Release|Any CPU
		{236EC43B-2100-4778-8C83-57D72F8DAC62}.Release|Any CPU.Build.0 = Release|Any CPU
		{236EC43B-2100-4778-8C83-57D72F8DAC62}.Release|x64.ActiveCfg = Release|Any CPU
		{236EC43B-2100-4778-8C83-57D72F8DAC62}.Release|x64.Build.0 = Release|Any CPU
		{236EC43B-2100-4778-8C83-57D72F8DAC62}.Release|x86.ActiveCfg = Release|Any CPU
		{236EC43B-2100-4778-8C83-57D72F8DAC62}.Release|x86.Build.0 = Release|Any CPU
		{A5BEEEC6-E5EC-445D-BE1A-FC8B90E4C1E8}.Debug|Any CPU.ActiveCfg = Debug|Any CPU
		{A5BEEEC6-E5EC-445D-BE1A-FC8B90E4C1E8}.Debug|Any CPU.Build.0 = Debug|Any CPU
		{A5BEEEC6-E5EC-445D-BE1A-FC8B90E4C1E8}.Debug|x64.ActiveCfg = Debug|Any CPU
		{A5BEEEC6-E5EC-445D-BE1A-FC8B90E4C1E8}.Debug|x64.Build.0 = Debug|Any CPU
		{A5BEEEC6-E5EC-445D-BE1A-FC8B90E4C1E8}.Debug|x86.ActiveCfg = Debug|Any CPU
		{A5BEEEC6-E5EC-445D-BE1A-FC8B90E4C1E8}.Debug|x86.Build.0 = Debug|Any CPU
		{A5BEEEC6-E5EC-445D-BE1A-FC8B90E4C1E8}.Release|Any CPU.ActiveCfg = Release|Any CPU
		{A5BEEEC6-E5EC-445D-BE1A-FC8B90E4C1E8}.Release|Any CPU.Build.0 = Release|Any CPU
		{A5BEEEC6-E5EC-445D-BE1A-FC8B90E4C1E8}.Release|x64.ActiveCfg = Release|Any CPU
		{A5BEEEC6-E5EC-445D-BE1A-FC8B90E4C1E8}.Release|x64.Build.0 = Release|Any CPU
		{A5BEEEC6-E5EC-445D-BE1A-FC8B90E4C1E8}.Release|x86.ActiveCfg = Release|Any CPU
		{A5BEEEC6-E5EC-445D-BE1A-FC8B90E4C1E8}.Release|x86.Build.0 = Release|Any CPU
		{98262C80-12EE-46D7-AD58-E9F63F2B21F8}.Debug|Any CPU.ActiveCfg = Debug|Any CPU
		{98262C80-12EE-46D7-AD58-E9F63F2B21F8}.Debug|Any CPU.Build.0 = Debug|Any CPU
		{98262C80-12EE-46D7-AD58-E9F63F2B21F8}.Debug|x64.ActiveCfg = Debug|Any CPU
		{98262C80-12EE-46D7-AD58-E9F63F2B21F8}.Debug|x64.Build.0 = Debug|Any CPU
		{98262C80-12EE-46D7-AD58-E9F63F2B21F8}.Debug|x86.ActiveCfg = Debug|Any CPU
		{98262C80-12EE-46D7-AD58-E9F63F2B21F8}.Debug|x86.Build.0 = Debug|Any CPU
		{98262C80-12EE-46D7-AD58-E9F63F2B21F8}.Release|Any CPU.ActiveCfg = Release|Any CPU
		{98262C80-12EE-46D7-AD58-E9F63F2B21F8}.Release|Any CPU.Build.0 = Release|Any CPU
		{98262C80-12EE-46D7-AD58-E9F63F2B21F8}.Release|x64.ActiveCfg = Release|Any CPU
		{98262C80-12EE-46D7-AD58-E9F63F2B21F8}.Release|x64.Build.0 = Release|Any CPU
		{98262C80-12EE-46D7-AD58-E9F63F2B21F8}.Release|x86.ActiveCfg = Release|Any CPU
		{98262C80-12EE-46D7-AD58-E9F63F2B21F8}.Release|x86.Build.0 = Release|Any CPU
	EndGlobalSection
	GlobalSection(SolutionProperties) = preSolution
		HideSolutionNode = FALSE
	EndGlobalSection
EndGlobal
